uuid: 12cb7513-337f-4e4c-a1ed-2e8a5a5586f5
langcode: en
status: true
dependencies:
  config:
    - views.view.tv_news_view
  module:
    - system
    - views
  theme:
    - custom_olivero_db
id: views_block__tv_news_view_block
theme: custom_olivero_db
region: right_sidebar
weight: -20
provider: null
plugin: 'views_block:tv_news_view-block_1'
settings:
  id: 'views_block:tv_news_view-block_1'
  label: ''
  label_display: '0'
  provider: views
  views_label: ''
  items_per_page: none
visibility:
  request_path:
    id: request_path
    negate: false
    pages: '<front>'
