uuid: fe944973-cbed-436b-8bbf-bc92c5ca66bf
langcode: en
status: true
dependencies:
  module:
    - custom_weather_module
  theme:
    - custom_olivero_db
id: customweatherblock
theme: custom_olivero_db
region: right_sidebar
weight: -23
provider: null
plugin: custom_weather_block
settings:
  id: custom_weather_block
  label: 'Custom weather block'
  label_display: '0'
  provider: custom_weather_module
  api_key: ''
  location: ''
visibility: {  }
