uuid: cc9939bd-d69b-4582-acbc-777e18b278c9
langcode: en
status: true
dependencies:
  module:
    - custom_weather_module
  theme:
    - custom_olivero_db
id: customweatherblock
theme: custom_olivero_db
region: primary_menu
weight: 0
provider: null
plugin: custom_weather_block
settings:
  id: custom_weather_block
  label: 'Custom weather block'
  label_display: '0'
  provider: custom_weather_module
visibility: {  }
