uuid: d23fa033-4a52-4fd1-9cfb-4c701d61c20b
langcode: en
status: true
dependencies:
  config:
    - views.view.food_drink_news_view
  module:
    - views
  theme:
    - custom_olivero_db
id: views_block__food_drink_news_view_block
theme: custom_olivero_db
region: right_sidebar
weight: -17
provider: null
plugin: 'views_block:food_drink_news_view-block_1'
settings:
  id: 'views_block:food_drink_news_view-block_1'
  label: ''
  label_display: '0'
  provider: views
  views_label: ''
  items_per_page: none
visibility: {  }
