uuid: c1e6ae84-19c0-4cf4-aa8f-3c90d7294262
langcode: en
status: true
dependencies:
  module:
    - custom_weather_module
  theme:
    - custom_olivero_db
id: customweatherblock
theme: custom_olivero_db
region: left_sidebar
weight: -23
provider: null
plugin: custom_weather_block
settings:
  id: custom_weather_block
  label: 'Custom weather block'
  label_display: '0'
  provider: custom_weather_module
  api_key: ''
  location: ''
visibility: {  }
